github.com/hedzr/evendeep v1.4.3 h1://30mOQCKeh9IzuRn8TU4rAgvUIrf+jzM/gByLKaTV0=
github.com/hedzr/evendeep v1.4.3/go.mod h1:qr/bjLtyGgaB+L3qjg1sJwshFJ5r/XAOX0ZSt5C+noE=
github.com/hedzr/is v0.9.3 h1:6dWn5ttbsFFhBLwnnugGdlFmOYHpMru5KmYTnjquiLo=
github.com/hedzr/is v0.9.3/go.mod h1:LPuB2+XV+Su3FVWg3ZQfpwnLVPCY2dStikYuy+YQvHo=
github.com/hedzr/logg v0.9.3 h1:+/h8dIzu/OLbWdq2wtqhOcMWRvwu4j81plF0VaDav2M=
github.com/hedzr/logg v0.9.3/go.mod h1:fld/JJrz7OGsoFCav0KiIp2Tdd2ShfRl2Egv7eZL24s=
golang.org/x/net v0.56.0 h1:Rw8j/hFzGvJUZwNBXnAtf5sVDVt+65SK2C7IxCxZt5o=
golang.org/x/net v0.56.0/go.mod h1:D3Ku6r+V6JROoZK144D2XfMHFcMq/0zSfLelVTCFKec=
golang.org/x/sys v0.46.0 h1:noSf2Fq6F8DBgS+LysIkx7rIExoNHJsxOAtPp4rthXw=
golang.org/x/sys v0.46.0/go.mod h1:4GL1E5IUh+htKOUEOaiffhrAeqysfVGipDYzABqnCmw=
golang.org/x/term v0.44.0 h1:0rLvDRCtNj0gZkyIXhCyOb2OAzEhLVqc4B+hrsBhrmc=
golang.org/x/term v0.44.0/go.mod h1:7ze4MdzUzLXpSAoFP1H0bOI9aXDqveSvatT5vKcFh2Y=
gopkg.in/hedzr/errors.v3 v3.3.5 h1:bF4ijq4PAjwjCB8s7nWf2cjqo/yp6afNuQMC2SnX7t8=
gopkg.in/hedzr/errors.v3 v3.3.5/go.mod h1:UwtyepqtGTIAmdZGSc7wxXT5Gfd/BjcfRMhPpxwkJM4=
