github.com/davecgh/go-spew v1.1.1 h1:vj9j/u1bqnvCEfJOwUhtlOARqs3+rkHYY13jYWTU97c=
github.com/davecgh/go-spew v1.1.1/go.mod h1:J7Y8YcW2NihsgmVo/mv3lAwl/skON4iLHjSsI+c5H38=
github.com/hashicorp/hcl v1.0.0 h1:0Anlzjpi4vEasTeNFn2mLJgTSwt0+6sfsiTG8qcWGx4=
github.com/hashicorp/hcl v1.0.0/go.mod h1:E5yfLk+7swimpb2L/Alb/PJmXilQ/rhwaUYs4T20WEQ=
github.com/hedzr/evendeep v1.3.43 h1:g644Mhh57fKLkGqpSgcuin4Fn5N8g30NowayKHbsyVw=
github.com/hedzr/evendeep v1.3.43/go.mod h1:VEXn5oA4s1q1G7OBNaiSV3TiXU0GqrAAvnwQ3yChuAM=
github.com/hedzr/is v0.8.43 h1:FTA/q+lANqumtoH8DRdvr/8H5xq7Xd+eqxZp6jia/Pw=
github.com/hedzr/is v0.8.43/go.mod h1:3tQ4l88jBODCuqvuARWDSM8lkro2+EOUGT1mKEraWM0=
github.com/hedzr/logg v0.8.43 h1:bPSNRasiXhglGbXxD8TCZWA00yTdieCslB+x6pjqyrU=
github.com/hedzr/logg v0.8.43/go.mod h1:m6z4r3Q7HWakYShLPfpNNqvPZxsCzcpYwfGNoPAlWyg=
github.com/hedzr/store/codecs/gob v1.3.43 h1:QQIQzJ0JbEyAC75uebYyV+mHin5oijqwEpN5mo5le2g=
github.com/hedzr/store/codecs/gob v1.3.43/go.mod h1:u6sObITLQiI37Jv5CUOFXsqzd14x8xtX29VeCjScFaI=
github.com/hedzr/store/codecs/hcl v1.3.43 h1:n//P/14xV3LcEP6/OnaWP4yaY0r2e8ipQ3gH/a40lJY=
github.com/hedzr/store/codecs/hcl v1.3.43/go.mod h1:yzwtIRtKzKGLrLw9h0t0RSWaEOxmsiwNu0HC6oqGBog=
github.com/hedzr/store/codecs/hjson v1.3.43 h1:++y6neivo9F92TxtH67stG40BnLJIRLs2+4T4LtdgzI=
github.com/hedzr/store/codecs/hjson v1.3.43/go.mod h1:Bs/D0P+YZgVyKzkLRdbxJeUC3/7Gf9CoGkg+ny4s9f8=
github.com/hedzr/store/codecs/json v1.3.43 h1:VLFDEX9MQBZNUIv0XWvlYbQA5lBJRB9Gs9bxbpZCBH8=
github.com/hedzr/store/codecs/json v1.3.43/go.mod h1:NbTd0AjK46OF+h4QgyMUqrc3y/hQS+d7oph4JosbqI8=
github.com/hedzr/store/codecs/nestext v1.3.43 h1:ZcS0Vbk2a6DQd3Wp5XXC77fN/3bHRlR/M/40Dae42f8=
github.com/hedzr/store/codecs/nestext v1.3.43/go.mod h1:opZ7PHFEpA1S14kcG0OpCEo3aIQu3L9B7GXjT+THOms=
github.com/hedzr/store/codecs/toml v1.3.43 h1:fx2cJ+ZeFwjtMbxknCTVefOElH4Bu5Lpjvh1q20pTjA=
github.com/hedzr/store/codecs/toml v1.3.43/go.mod h1:l9u7/gLvmpntlHAUYyRkccnoB+lxuIjpHUaImD3W7XQ=
github.com/hedzr/store/codecs/yaml v1.3.43 h1:FLAOZHRzXFjYzYl9pPT8vAHHQMUVOVxURj/eA1e6foM=
github.com/hedzr/store/codecs/yaml v1.3.43/go.mod h1:kQ6I5EERzdwbAfjAeW8r6ycdASdKHeIufHYjXj1g2BA=
github.com/hjson/hjson-go/v4 v4.5.0 h1:ZHLiZ+HaGqPOtEe8T6qY8QHnoEsAeBv8wqxniQAp+CY=
github.com/hjson/hjson-go/v4 v4.5.0/go.mod h1:4zx6c7Y0vWcm8IRyVoQJUHAPJLXLvbG6X8nk1RLigSo=
github.com/npillmayer/nestext v0.1.3 h1:2dkbzJ5xMcyJW5b8wwrX+nnRNvf/Nn1KwGhIauGyE2E=
github.com/npillmayer/nestext v0.1.3/go.mod h1:h2lrijH8jpicr25dFY+oAJLyzlya6jhnuG+zWp9L0Uk=
github.com/pelletier/go-toml/v2 v2.2.4 h1:mye9XuhQ6gvn5h28+VilKrrPoQVanw5PMw/TB0t5Ec4=
github.com/pelletier/go-toml/v2 v2.2.4/go.mod h1:2gIqNv+qfxSVS7cM2xJQKtLSTLUE9V8t9Stt+h56mCY=
golang.org/x/net v0.42.0 h1:jzkYrhi3YQWD6MLBJcsklgQsoAcw89EcZbJw8Z614hs=
golang.org/x/net v0.42.0/go.mod h1:FF1RA5d3u7nAYA4z2TkclSCKh68eSXtiFwcWQpPXdt8=
golang.org/x/sys v0.34.0 h1:H5Y5sJ2L2JRdyv7ROF1he/lPdvFsd0mJHFw2ThKHxLA=
golang.org/x/sys v0.34.0/go.mod h1:BJP2sWEmIv4KK5OTEluFJCKSidICx8ciO85XgH3Ak8k=
golang.org/x/term v0.33.0 h1:NuFncQrRcaRvVmgRkvM3j/F00gWIAlcmlB8ACEKmGIg=
golang.org/x/term v0.33.0/go.mod h1:s18+ql9tYWp1IfpV9DmCtQDDSRBUjKaw9M1eAv5UeF0=
gopkg.in/check.v1 v0.0.0-20161208181325-20d25e280405 h1:yhCVgyC4o1eVCa2tZl7eS0r+SDo693bJlVdllGtEeKM=
gopkg.in/check.v1 v0.0.0-20161208181325-20d25e280405/go.mod h1:Co6ibVJAznAaIkqp8huTwlJQCZ016jof/cbN4VW5Yz0=
gopkg.in/hedzr/errors.v3 v3.3.5 h1:bF4ijq4PAjwjCB8s7nWf2cjqo/yp6afNuQMC2SnX7t8=
gopkg.in/hedzr/errors.v3 v3.3.5/go.mod h1:UwtyepqtGTIAmdZGSc7wxXT5Gfd/BjcfRMhPpxwkJM4=
gopkg.in/yaml.v3 v3.0.1 h1:fxVm/GzAzEWqLHuvctI91KS9hhNmmWOoWu0XTYJS7CA=
gopkg.in/yaml.v3 v3.0.1/go.mod h1:K4uyk7z7BCEPqu6E+C64Yfv1cQ7kz7rIZviUmN+EgEM=
