github.com/agext/levenshtein v1.2.3 h1:YB2fHEn0UJagG8T1rrWknE3ZQzWM06O8AMAatNn7lmo=
github.com/agext/levenshtein v1.2.3/go.mod h1:JEDfjyjHDjOF/1e4FlBE/PkbqA9OfWu2ki2W0IB5558=
github.com/apparentlymart/go-textseg/v15 v15.0.0 h1:uYvfpb3DyLSCGWnctWKGj857c6ew1u1fNQOlOtuGxQY=
github.com/apparentlymart/go-textseg/v15 v15.0.0/go.mod h1:K8XmNZdhEBkdlyDdvbmmsvpAG721bKi0joRfFdHIWJ4=
github.com/davecgh/go-spew v1.1.1 h1:vj9j/u1bqnvCEfJOwUhtlOARqs3+rkHYY13jYWTU97c=
github.com/davecgh/go-spew v1.1.1/go.mod h1:J7Y8YcW2NihsgmVo/mv3lAwl/skON4iLHjSsI+c5H38=
github.com/go-test/deep v1.0.3 h1:ZrJSEWsXzPOxaZnFteGEfooLba+ju3FYIbOrS+rQd68=
github.com/go-test/deep v1.0.3/go.mod h1:wGDj63lr65AM2AQyKZd/NYHGb0R+1RLqB8NKt3aSFNA=
github.com/google/go-cmp v0.7.0 h1:wk8382ETsv4JYUZwIsn6YpYiWiBsYLSJiTsyBybVuN8=
github.com/google/go-cmp v0.7.0/go.mod h1:pXiqmnSA92OHEEa9HXL2W4E7lf9JzCmGVUdgjX3N/iU=
github.com/hashicorp/hcl/v2 v2.24.0 h1:2QJdZ454DSsYGoaE6QheQZjtKZSUs9Nh2izTWiwQxvE=
github.com/hashicorp/hcl/v2 v2.24.0/go.mod h1:oGoO1FIQYfn/AgyOhlg9qLC6/nOJPX3qGbkZpYAcqfM=
github.com/hedzr/evendeep v1.3.66 h1:BV0mHzkg7lKx7QmmONq0VSORRXM2SQEI2fWQYmCpiks=
github.com/hedzr/evendeep v1.3.66/go.mod h1:38tXh4FKIp25U0P+92rFgHZ8hPxFeSo6NJJdf0D0DNM=
github.com/hedzr/is v0.8.66 h1:f+GUUimVqdiPGuHyGhT+8JW3lq3E0gpNWCIrKL7Ept8=
github.com/hedzr/is v0.8.66/go.mod h1:1M2ljzmUBeQt1T2REBDXb6l6t4gcWDez24rIWlP/iYc=
github.com/hedzr/logg v0.8.66 h1:tlLGRq/pOl6VxLOAaX4heq1PbTIjr6YumHKZVSXcmf0=
github.com/hedzr/logg v0.8.66/go.mod h1:HPFFX+difjqF6eZVJrx0CbTCFLfhBPhs1u8jlQ7tI7M=
github.com/hedzr/store/codecs/gob v1.3.65 h1:VCjDbZJasKtlJw9KCHFOoKyZDtdjRNnN2CTXVsiAtpQ=
github.com/hedzr/store/codecs/gob v1.3.65/go.mod h1:eT+ysKqPmwfQAOldJZCeFldTubWXkk8objuEfSIdxE4=
github.com/hedzr/store/codecs/hcl v1.3.65 h1:j8raqx+aiDAEVgE8nPFTxvyTbHTXeTyshFTa/+PogKA=
github.com/hedzr/store/codecs/hcl v1.3.65/go.mod h1:FOK+nfrt1UhkYM/QDbIyjNYXTvMXBrxZec4Ue3IpqPM=
github.com/hedzr/store/codecs/hjson v1.3.65 h1:C+SIeuh9xGkskhTF6WcqscjLahTgSA2URqrVjgpThGo=
github.com/hedzr/store/codecs/hjson v1.3.65/go.mod h1:B+E4Z4QAkUzIhVytSVFT6+/r5rhJe/Yja3aXInrjg+M=
github.com/hedzr/store/codecs/json v1.3.65 h1:Qducc5YO8JkW639oNUelqbmsgfL/8Qql8hanq8n6SWo=
github.com/hedzr/store/codecs/json v1.3.65/go.mod h1:wG1Sq/jNicdotlnxG5yBD23p0FMmXhHa5XVntENXhk4=
github.com/hedzr/store/codecs/nestext v1.3.65 h1:6MV81AnhHNosr6yeRsiIS/3gZGLjPYzx8nViAlYoQFU=
github.com/hedzr/store/codecs/nestext v1.3.65/go.mod h1:bA6yyu6mG1uV95+pnhSUFUhq72CEH4qK1LxIaV1b0+o=
github.com/hedzr/store/codecs/toml v1.3.65 h1:utttKzti+9ahZ17vUoUVAJENSzyJ+h7Mz3BkFwRNoKk=
github.com/hedzr/store/codecs/toml v1.3.65/go.mod h1:Y6KcgCHNQ+eXB8hP59mji8ah0mfXuadC0PeBOWOPkX0=
github.com/hedzr/store/codecs/yaml v1.3.65 h1:T7BbhBRthjNHjKPY469zAoVmSSA4hbHN6QIJ2fXJ+C8=
github.com/hedzr/store/codecs/yaml v1.3.65/go.mod h1:97cCShkERG3u9sC1Q5lGdW08ancTddJnoP+uGCtq46c=
github.com/hjson/hjson-go/v4 v4.5.0 h1:ZHLiZ+HaGqPOtEe8T6qY8QHnoEsAeBv8wqxniQAp+CY=
github.com/hjson/hjson-go/v4 v4.5.0/go.mod h1:4zx6c7Y0vWcm8IRyVoQJUHAPJLXLvbG6X8nk1RLigSo=
github.com/mitchellh/go-wordwrap v1.0.1 h1:TLuKupo69TCn6TQSyGxwI1EblZZEsQ0vMlAFQflz0v0=
github.com/mitchellh/go-wordwrap v1.0.1/go.mod h1:R62XHJLzvMFRBbcrT7m7WgmE1eOyTSsCt+hzestvNj0=
github.com/npillmayer/nestext v0.1.3 h1:2dkbzJ5xMcyJW5b8wwrX+nnRNvf/Nn1KwGhIauGyE2E=
github.com/npillmayer/nestext v0.1.3/go.mod h1:h2lrijH8jpicr25dFY+oAJLyzlya6jhnuG+zWp9L0Uk=
github.com/pelletier/go-toml/v2 v2.2.4 h1:mye9XuhQ6gvn5h28+VilKrrPoQVanw5PMw/TB0t5Ec4=
github.com/pelletier/go-toml/v2 v2.2.4/go.mod h1:2gIqNv+qfxSVS7cM2xJQKtLSTLUE9V8t9Stt+h56mCY=
github.com/zclconf/go-cty v1.17.0 h1:seZvECve6XX4tmnvRzWtJNHdscMtYEx5R7bnnVyd/d0=
github.com/zclconf/go-cty v1.17.0/go.mod h1:wqFzcImaLTI6A5HfsRwB0nj5n0MRZFwmey8YoFPPs3U=
github.com/zclconf/go-cty-debug v0.0.0-20240509010212-0d6042c53940 h1:4r45xpDWB6ZMSMNJFMOjqrGHynW3DIBuR2H9j0ug+Mo=
github.com/zclconf/go-cty-debug v0.0.0-20240509010212-0d6042c53940/go.mod h1:CmBdvvj3nqzfzJ6nTCIwDTPZ56aVGvDrmztiO5g3qrM=
golang.org/x/mod v0.31.0 h1:HaW9xtz0+kOcWKwli0ZXy79Ix+UW/vOfmWI5QVd2tgI=
golang.org/x/mod v0.31.0/go.mod h1:43JraMp9cGx1Rx3AqioxrbrhNsLl2l/iNAvuBkrezpg=
golang.org/x/net v0.48.0 h1:zyQRTTrjc33Lhh0fBgT/H3oZq9WuvRR5gPC70xpDiQU=
golang.org/x/net v0.48.0/go.mod h1:+ndRgGjkh8FGtu1w1FGbEC31if4VrNVMuKTgcAAnQRY=
golang.org/x/sync v0.19.0 h1:vV+1eWNmZ5geRlYjzm2adRgW2/mcpevXNg50YZtPCE4=
golang.org/x/sync v0.19.0/go.mod h1:9KTHXmSnoGruLpwFjVSX0lNNA75CykiMECbovNTZqGI=
golang.org/x/sys v0.39.0 h1:CvCKL8MeisomCi6qNZ+wbb0DN9E5AATixKsvNtMoMFk=
golang.org/x/sys v0.39.0/go.mod h1:OgkHotnGiDImocRcuBABYBEXf8A9a87e/uXjp9XT3ks=
golang.org/x/term v0.38.0 h1:PQ5pkm/rLO6HnxFR7N2lJHOZX6Kez5Y1gDSJla6jo7Q=
golang.org/x/term v0.38.0/go.mod h1:bSEAKrOT1W+VSu9TSCMtoGEOUcKxOKgl3LE5QEF/xVg=
golang.org/x/text v0.32.0 h1:ZD01bjUt1FQ9WJ0ClOL5vxgxOI/sVCNgX1YtKwcY0mU=
golang.org/x/text v0.32.0/go.mod h1:o/rUWzghvpD5TXrTIBuJU77MTaN0ljMWE47kxGJQ7jY=
golang.org/x/tools v0.40.0 h1:yLkxfA+Qnul4cs9QA3KnlFu0lVmd8JJfoq+E41uSutA=
golang.org/x/tools v0.40.0/go.mod h1:Ik/tzLRlbscWpqqMRjyWYDisX8bG13FrdXp3o4Sr9lc=
gopkg.in/check.v1 v0.0.0-20161208181325-20d25e280405 h1:yhCVgyC4o1eVCa2tZl7eS0r+SDo693bJlVdllGtEeKM=
gopkg.in/check.v1 v0.0.0-20161208181325-20d25e280405/go.mod h1:Co6ibVJAznAaIkqp8huTwlJQCZ016jof/cbN4VW5Yz0=
gopkg.in/hedzr/errors.v3 v3.3.5 h1:bF4ijq4PAjwjCB8s7nWf2cjqo/yp6afNuQMC2SnX7t8=
gopkg.in/hedzr/errors.v3 v3.3.5/go.mod h1:UwtyepqtGTIAmdZGSc7wxXT5Gfd/BjcfRMhPpxwkJM4=
gopkg.in/yaml.v3 v3.0.1 h1:fxVm/GzAzEWqLHuvctI91KS9hhNmmWOoWu0XTYJS7CA=
gopkg.in/yaml.v3 v3.0.1/go.mod h1:K4uyk7z7BCEPqu6E+C64Yfv1cQ7kz7rIZviUmN+EgEM=
