github.com/arl/statsviz v0.8.2 h1:sceiee7nGyPCEFq3y25krycRqwefBJbC5xnNZjSfLiE=
github.com/arl/statsviz v0.8.2/go.mod h1:z3rQqviSGmoVkR/09Z7ygIwWlE/1Rdslvw3azST/4rQ=
github.com/gorilla/websocket v1.5.3 h1:saDtZ6Pbx/0u+bgYQ3q96pZgCzfhKXGPqt7kZ72aNNg=
github.com/gorilla/websocket v1.5.3/go.mod h1:YR8l580nyteQvAITg2hZ9XVh4b55+EU/adAjf1fMHhE=
github.com/hedzr/evendeep v1.4.3 h1://30mOQCKeh9IzuRn8TU4rAgvUIrf+jzM/gByLKaTV0=
github.com/hedzr/evendeep v1.4.3/go.mod h1:qr/bjLtyGgaB+L3qjg1sJwshFJ5r/XAOX0ZSt5C+noE=
github.com/hedzr/is v0.9.6 h1:2m6JBIbFwyTXvZfQqjkTZtDdfTjkTrUhklvcKD12fPA=
github.com/hedzr/is v0.9.6/go.mod h1:/cIOoOrfXYA+sPnyxwGx7YkNj0Tv0b56z/hMg6B/5JY=
github.com/hedzr/logg v0.9.5 h1:RSg422r43L99HDlHENzm6lOFZmriYJ/xsJIu4Bgazmw=
github.com/hedzr/logg v0.9.5/go.mod h1:L00s4eCRW/kHQ6GfnaFYgrv0lTB0k1vrRBP/Qu014QQ=
github.com/rogpeppe/go-internal v1.15.0 h1:D0RCU5rMAp+SpgkiNdrjfJ+LX4J1M32V2NeCY7EJ6hc=
github.com/rogpeppe/go-internal v1.15.0/go.mod h1:DrUVZyrJU+txYW5/1kwtXQSMFio52ZOxX7yM1VHvnxs=
golang.org/x/net v0.58.0 h1:ynWG7rqYi4ccpTEuPZ2QGWHktVEM9DMCj9yzDE0Q7To=
golang.org/x/net v0.58.0/go.mod h1:YwCddHnFlT7eLQqVprV19OnhLGtc5xOKgE0RyqgfWAU=
golang.org/x/sys v0.47.0 h1:o7XGOvZQCADBQQ4Y7VNq2dRWQR7JmOUW8Kxx4ZsNgWs=
golang.org/x/sys v0.47.0/go.mod h1:4GL1E5IUh+htKOUEOaiffhrAeqysfVGipDYzABqnCmw=
golang.org/x/term v0.45.0 h1:NwWyBmoJCbfTHpxrWoZ9C6/VxOf7ic219I8xZZFdrf0=
golang.org/x/term v0.45.0/go.mod h1:9aqxs0blBcrm/n0L9QW0aRVD+ktan8ssZromtqJC43w=
golang.org/x/tools v0.48.0 h1:3+hClM1aLL5mjMKm5ovokw9epgRXPuu2tILgismM6RE=
golang.org/x/tools v0.48.0/go.mod h1:08xX0orndb/F7jJxGDicx061tyd5pcMto75YMAXr6lk=
gopkg.in/hedzr/errors.v3 v3.3.5 h1:bF4ijq4PAjwjCB8s7nWf2cjqo/yp6afNuQMC2SnX7t8=
gopkg.in/hedzr/errors.v3 v3.3.5/go.mod h1:UwtyepqtGTIAmdZGSc7wxXT5Gfd/BjcfRMhPpxwkJM4=
