github.com/arl/statsviz v0.7.1 h1:W32VBGV/YBTMg3sBsr1Ix1bJzrykZHWNZS7quqtDqYc=
github.com/arl/statsviz v0.7.1/go.mod h1:uFJZYUcGDeFpo/Mb9nLkq/83YUYaib2IccejOm+y1t0=
github.com/gorilla/websocket v1.5.3 h1:saDtZ6Pbx/0u+bgYQ3q96pZgCzfhKXGPqt7kZ72aNNg=
github.com/gorilla/websocket v1.5.3/go.mod h1:YR8l580nyteQvAITg2hZ9XVh4b55+EU/adAjf1fMHhE=
github.com/hedzr/evendeep v1.3.60 h1:9Mubzc4L4dS7ubN64wVqBVy7L0CdAHqPCyZpkqOzPYU=
github.com/hedzr/evendeep v1.3.60/go.mod h1:CQgOnkZlbF5eY4JYSHcjQQFI3VtS+zQqW1bEEHG57bg=
github.com/hedzr/is v0.8.60 h1:UYuStTpZXzAGzS9eqWWUVCqZDXzEC2WVqdzfIPIK0J4=
github.com/hedzr/is v0.8.60/go.mod h1:sYBLcvISpTixlwn3BLCb5ZEJzZguJyIjDiY0Qb6+k6k=
github.com/hedzr/logg v0.8.60 h1:FlGRV3He9frZnQey5iLNoPsJEjN8vXQD61FTP2Q3x+w=
github.com/hedzr/logg v0.8.60/go.mod h1:eWyE3R+8q+Vt/WwOdL4T1WSkNKtWJhkOdIg6i1Qd7nk=
github.com/rogpeppe/go-internal v1.14.1 h1:UQB4HGPB6osV0SQTLymcB4TgvyWu6ZyliaW0tI/otEQ=
github.com/rogpeppe/go-internal v1.14.1/go.mod h1:MaRKkUm5W0goXpeCfT7UZI6fk/L7L7so1lCWt35ZSgc=
golang.org/x/net v0.44.0 h1:evd8IRDyfNBMBTTY5XRF1vaZlD+EmWx6x8PkhR04H/I=
golang.org/x/net v0.44.0/go.mod h1:ECOoLqd5U3Lhyeyo/QDCEVQ4sNgYsqvCZ722XogGieY=
golang.org/x/sys v0.36.0 h1:KVRy2GtZBrk1cBYA7MKu5bEZFxQk4NIDV6RLVcC8o0k=
golang.org/x/sys v0.36.0/go.mod h1:OgkHotnGiDImocRcuBABYBEXf8A9a87e/uXjp9XT3ks=
golang.org/x/term v0.35.0 h1:bZBVKBudEyhRcajGcNc3jIfWPqV4y/Kt2XcoigOWtDQ=
golang.org/x/term v0.35.0/go.mod h1:TPGtkTLesOwf2DE8CgVYiZinHAOuy5AYUYT1lENIZnA=
golang.org/x/tools v0.26.0 h1:v/60pFQmzmT9ExmjDv2gGIfi3OqfKoEP6I5+umXlbnQ=
golang.org/x/tools v0.26.0/go.mod h1:TPVVj70c7JJ3WCazhD8OdXcZg/og+b9+tH/KxylGwH0=
gopkg.in/hedzr/errors.v3 v3.3.5 h1:bF4ijq4PAjwjCB8s7nWf2cjqo/yp6afNuQMC2SnX7t8=
gopkg.in/hedzr/errors.v3 v3.3.5/go.mod h1:UwtyepqtGTIAmdZGSc7wxXT5Gfd/BjcfRMhPpxwkJM4=
