github.com/arl/statsviz v0.8.2 h1:sceiee7nGyPCEFq3y25krycRqwefBJbC5xnNZjSfLiE=
github.com/arl/statsviz v0.8.2/go.mod h1:z3rQqviSGmoVkR/09Z7ygIwWlE/1Rdslvw3azST/4rQ=
github.com/gorilla/websocket v1.5.3 h1:saDtZ6Pbx/0u+bgYQ3q96pZgCzfhKXGPqt7kZ72aNNg=
github.com/gorilla/websocket v1.5.3/go.mod h1:YR8l580nyteQvAITg2hZ9XVh4b55+EU/adAjf1fMHhE=
github.com/hedzr/evendeep v1.4.9 h1:6T/k7mrJ7nAwX9MCWvtE32A3ZPez1GG2l83lwu1E1Js=
github.com/hedzr/evendeep v1.4.9/go.mod h1:WjcEe4yOUBKSw1qY9d5exF1weIVIApTdnZgHs4Gi5j8=
github.com/hedzr/is v0.9.9 h1:a3EMJ1k+fuOoTWghNf7S9MDia1dLvPfZnNMHMcjDgXY=
github.com/hedzr/is v0.9.9/go.mod h1:7TilCGGmWacB+P0o7lFeRROilrGhCWk877kPNk08c4U=
github.com/hedzr/logg v0.9.9 h1:y0PPriUkk849XJgh9mnXHJ0SH0a3iFOCMhwXjS80R1g=
github.com/hedzr/logg v0.9.9/go.mod h1:21s5veN200v7OREfTlaWzsh/C7nGvSKJmMCj0vQy/Vo=
github.com/rogpeppe/go-internal v1.15.0 h1:D0RCU5rMAp+SpgkiNdrjfJ+LX4J1M32V2NeCY7EJ6hc=
github.com/rogpeppe/go-internal v1.15.0/go.mod h1:DrUVZyrJU+txYW5/1kwtXQSMFio52ZOxX7yM1VHvnxs=
golang.org/x/net v0.59.0 h1:5zfYln+w5XCxwrnMMJPufRgNoXEaGxl0wo5GqPXyues=
golang.org/x/net v0.59.0/go.mod h1:2DA/G1UfVbCpQPeWTmMPGY7Cs2PkBkwu743bVX5PIVg=
golang.org/x/sys v0.48.0 h1:bbX/i/6MgT9BVLM9RT1thmxL04yeTAhbEz4SyadbXoo=
golang.org/x/sys v0.48.0/go.mod h1:hNLxWAXmnKAxqDtdwIYC4bM9oQPEecfsnNMuSxOs3og=
golang.org/x/term v0.46.0 h1:3+OXuTbaKDgwk8jTi3aSLHRlmWqHEUDUtxnbFigO4YE=
golang.org/x/term v0.46.0/go.mod h1:+K02xbkittuwc0Am4abfA3Fc+XRGXkvBXNO88NCXPoc=
golang.org/x/tools v0.48.0 h1:3+hClM1aLL5mjMKm5ovokw9epgRXPuu2tILgismM6RE=
golang.org/x/tools v0.48.0/go.mod h1:08xX0orndb/F7jJxGDicx061tyd5pcMto75YMAXr6lk=
gopkg.in/hedzr/errors.v3 v3.3.5 h1:bF4ijq4PAjwjCB8s7nWf2cjqo/yp6afNuQMC2SnX7t8=
gopkg.in/hedzr/errors.v3 v3.3.5/go.mod h1:UwtyepqtGTIAmdZGSc7wxXT5Gfd/BjcfRMhPpxwkJM4=
