github.com/davecgh/go-spew v1.1.1 h1:vj9j/u1bqnvCEfJOwUhtlOARqs3+rkHYY13jYWTU97c=
github.com/davecgh/go-spew v1.1.1/go.mod h1:J7Y8YcW2NihsgmVo/mv3lAwl/skON4iLHjSsI+c5H38=
github.com/fsnotify/fsnotify v1.9.0 h1:2Ml+OJNzbYCTzsxtv8vKSFD9PbJjmhYF14k/jKC7S9k=
github.com/fsnotify/fsnotify v1.9.0/go.mod h1:8jBTzvmWwFyi3Pb8djgCCO5IBqzKJ/Jwo8TRcHyHii0=
github.com/hedzr/evendeep v1.3.55 h1:NXw/cQZFkIrSzA6jjM/KXYYX6LYz4Z8qp8b3iJtPKcc=
github.com/hedzr/evendeep v1.3.55/go.mod h1:Mtw94wpA7KwVym0Yiw6qHd45R5AwoWASb2ztpuYnh7o=
github.com/hedzr/is v0.8.55 h1:ShJ7MZzdPbM9JMXDI4hTiUdBS6jC4NOcI9kcsc39QwQ=
github.com/hedzr/is v0.8.55/go.mod h1:yFDEghAwYSV5WtxR6IRE+oylqnxc0LLFLj2AvZfb/ng=
github.com/hedzr/logg v0.8.55 h1:8hNC4PtCIgom29NfH3p87+edXhqvih7ChiBdQXLfWwc=
github.com/hedzr/logg v0.8.55/go.mod h1:vlM7Xg/AlFXdPOaIByJKGtMFQ0cUEx09UbXWAFKZ2Y4=
github.com/hjson/hjson-go/v4 v4.5.0 h1:ZHLiZ+HaGqPOtEe8T6qY8QHnoEsAeBv8wqxniQAp+CY=
github.com/hjson/hjson-go/v4 v4.5.0/go.mod h1:4zx6c7Y0vWcm8IRyVoQJUHAPJLXLvbG6X8nk1RLigSo=
github.com/pmezard/go-difflib v1.0.0 h1:4DBwDE0NGyQoBHbLQYPwSUPoCMWR5BEzIk/f1lZbAQM=
github.com/pmezard/go-difflib v1.0.0/go.mod h1:iKH77koFhYxTK1pcRnkKkqfTogsbg7gZNVY4sRDYZ/4=
github.com/stretchr/testify v1.11.1 h1:7s2iGBzp5EwR7/aIZr8ao5+dra3wiQyKjjFuvgVKu7U=
github.com/stretchr/testify v1.11.1/go.mod h1:wZwfW3scLgRK+23gO65QZefKpKQRnfz6sD981Nm4B6U=
golang.org/x/net v0.43.0 h1:lat02VYK2j4aLzMzecihNvTlJNQUq316m2Mr9rnM6YE=
golang.org/x/net v0.43.0/go.mod h1:vhO1fvI4dGsIjh73sWfUVjj3N7CA9WkKJNQm2svM6Jg=
golang.org/x/sys v0.35.0 h1:vz1N37gP5bs89s7He8XuIYXpyY0+QlsKmzipCbUtyxI=
golang.org/x/sys v0.35.0/go.mod h1:BJP2sWEmIv4KK5OTEluFJCKSidICx8ciO85XgH3Ak8k=
golang.org/x/term v0.34.0 h1:O/2T7POpk0ZZ7MAzMeWFSg6S5IpWd/RXDlM9hgM3DR4=
golang.org/x/term v0.34.0/go.mod h1:5jC53AEywhIVebHgPVeg0mj8OD3VO9OzclacVrqpaAw=
gopkg.in/check.v1 v0.0.0-20161208181325-20d25e280405 h1:yhCVgyC4o1eVCa2tZl7eS0r+SDo693bJlVdllGtEeKM=
gopkg.in/check.v1 v0.0.0-20161208181325-20d25e280405/go.mod h1:Co6ibVJAznAaIkqp8huTwlJQCZ016jof/cbN4VW5Yz0=
gopkg.in/hedzr/errors.v3 v3.3.5 h1:bF4ijq4PAjwjCB8s7nWf2cjqo/yp6afNuQMC2SnX7t8=
gopkg.in/hedzr/errors.v3 v3.3.5/go.mod h1:UwtyepqtGTIAmdZGSc7wxXT5Gfd/BjcfRMhPpxwkJM4=
gopkg.in/yaml.v3 v3.0.1 h1:fxVm/GzAzEWqLHuvctI91KS9hhNmmWOoWu0XTYJS7CA=
gopkg.in/yaml.v3 v3.0.1/go.mod h1:K4uyk7z7BCEPqu6E+C64Yfv1cQ7kz7rIZviUmN+EgEM=
