github.com/hedzr/evendeep v1.1.7 h1:AS7X3Gpzu6fKmKR+isNsgtMh672fw8hHUHeBOPHBcJU=
github.com/hedzr/evendeep v1.1.7/go.mod h1:jS/DucxL2KzGP4SuBP+FoaouiEPt3m9N74znRbFpSig=
github.com/hedzr/is v0.5.18 h1:FJWNNl5wYDvGstX5uzI4LR1wHttunlCAMHxNQRIXOOE=
github.com/hedzr/is v0.5.18/go.mod h1:kRHlHbfm9K4IfgUTRqBY4u/mRgAHJGDlxECb8gUi5aM=
github.com/hedzr/logg v0.5.18 h1:bf4Jv/TmhX9Vruod1QQYm7xvxMZGAtQEnAkEfdxOOYo=
github.com/hedzr/logg v0.5.18/go.mod h1:Q1hbRf8eA/KLYlk/CmW1fSGrEhFlKYUv8zGs8X6b/g8=
github.com/hedzr/store v1.0.3 h1:kXNwaYUr/mp/buuZSuZsZDlZCjUvtds8KpKIRBwWah8=
github.com/hedzr/store v1.0.3/go.mod h1:8d77D72cr5fwUidMuNQLvo47Ci1hT5uGFBPUGXK1yfQ=
github.com/hedzr/store/providers/flags v1.0.3 h1:0imvbhL4dwPPzQ6cRIakGV5DmIM6y/CQeVqwfe0HmHo=
github.com/hedzr/store/providers/flags v1.0.3/go.mod h1:auAeCT0EAGy7mYYGHWCOPPDI8qRIBlKSRKt1l2uU3uA=
golang.org/x/crypto v0.21.0 h1:X31++rzVUdKhX5sWmSOFZxx8UW/ldWx55cbf08iNAMA=
golang.org/x/crypto v0.21.0/go.mod h1:0BP7YvVV9gBbVKyeTG0Gyn+gZm94bibOW5BjDEYAOMs=
golang.org/x/net v0.22.0 h1:9sGLhx7iRIHEiX0oAJ3MRZMUCElJgy7Br1nO+AMN3Tc=
golang.org/x/net v0.22.0/go.mod h1:JKghWKKOSdJwpW2GEx0Ja7fmaKnMsbu+MWVZTokSYmg=
golang.org/x/sys v0.18.0 h1:DBdB3niSjOA/O0blCZBqDefyWNYveAYMNF1Wum0DYQ4=
golang.org/x/sys v0.18.0/go.mod h1:/VUhepiaJMQUp4+oa/7Zr1D23ma6VTLIYjOOTFZPUcA=
golang.org/x/term v0.18.0 h1:FcHjZXDMxI8mM3nwhX9HlKop4C0YQvCVCdwYl2wOtE8=
golang.org/x/term v0.18.0/go.mod h1:ILwASektA3OnRv7amZ1xhE/KTR+u50pbXfZ03+6Nx58=
gopkg.in/hedzr/errors.v3 v3.3.1 h1:wWfC055Cdv7TH3aur0w1f00SG/me9LeIxE4hFjIjvQ0=
gopkg.in/hedzr/errors.v3 v3.3.1/go.mod h1:UwtyepqtGTIAmdZGSc7wxXT5Gfd/BjcfRMhPpxwkJM4=
