github.com/hedzr/evendeep v1.4.3 h1://30mOQCKeh9IzuRn8TU4rAgvUIrf+jzM/gByLKaTV0=
github.com/hedzr/evendeep v1.4.3/go.mod h1:qr/bjLtyGgaB+L3qjg1sJwshFJ5r/XAOX0ZSt5C+noE=
github.com/hedzr/is v0.9.5 h1:mI21iVpY0JDv/0eNai0AtqVlyUC6q5vB8SyNGyAY5wM=
github.com/hedzr/is v0.9.5/go.mod h1:yiq2JVPRbecrdJjQjqZTg9u7vCppSm3iwD1QigWoHDw=
github.com/hedzr/logg v0.9.5 h1:RSg422r43L99HDlHENzm6lOFZmriYJ/xsJIu4Bgazmw=
github.com/hedzr/logg v0.9.5/go.mod h1:L00s4eCRW/kHQ6GfnaFYgrv0lTB0k1vrRBP/Qu014QQ=
github.com/pelletier/go-toml/v2 v2.4.3 h1:GTRvJQutkOSftxIFD5xw9aepkYNuPWmVJpffdDPYVpY=
github.com/pelletier/go-toml/v2 v2.4.3/go.mod h1:2gIqNv+qfxSVS7cM2xJQKtLSTLUE9V8t9Stt+h56mCY=
golang.org/x/net v0.57.0 h1:K5+3DljvIuDG9/Jv9rvyMywYNFCQ9RSUY6OOTTkT+tE=
golang.org/x/net v0.57.0/go.mod h1:KpXc8iv+r3XplLAG/f7Jsf9RPszJzdR0f58q9vGOuEU=
golang.org/x/sys v0.47.0 h1:o7XGOvZQCADBQQ4Y7VNq2dRWQR7JmOUW8Kxx4ZsNgWs=
golang.org/x/sys v0.47.0/go.mod h1:4GL1E5IUh+htKOUEOaiffhrAeqysfVGipDYzABqnCmw=
golang.org/x/term v0.45.0 h1:NwWyBmoJCbfTHpxrWoZ9C6/VxOf7ic219I8xZZFdrf0=
golang.org/x/term v0.45.0/go.mod h1:9aqxs0blBcrm/n0L9QW0aRVD+ktan8ssZromtqJC43w=
gopkg.in/hedzr/errors.v3 v3.3.5 h1:bF4ijq4PAjwjCB8s7nWf2cjqo/yp6afNuQMC2SnX7t8=
gopkg.in/hedzr/errors.v3 v3.3.5/go.mod h1:UwtyepqtGTIAmdZGSc7wxXT5Gfd/BjcfRMhPpxwkJM4=
